
Microsoft Visual Studio Solution File, Format Version 12.00
# Visual Studio Version 17
VisualStudioVersion = 17.7.34221.43
MinimumVisualStudioVersion = 10.0.40219.1
Project("{FAE04EC0-301F-11D3-BF4B-00C04F79EFBC}") = "EngineerDestAPI", "EngineerDestAPI.csproj", "{89942758-7803-4025-ADD2-DFD6C3D380BE}"
EndProject
Project("{FAE04EC0-301F-11D3-BF4B-00C04F79EFBC}") = "DatabaseProject", "..\DatabaseProject\DatabaseProject.csproj", "{4C8F9FB7-36B0-4222-9A2A-766A90660EA4}"
EndProject
Global
	GlobalSection(SolutionConfigurationPlatforms) = preSolution
		Debug|Any CPU = Debug|Any CPU
		Release|Any CPU = Release|Any CPU
	EndGlobalSection
	GlobalSection(ProjectConfigurationPlatforms) = postSolution
		{89942758-7803-4025-ADD2-DFD6C3D380BE}.Debug|Any CPU.ActiveCfg = Debug|Any CPU
		{89942758-7803-4025-ADD2-DFD6C3D380BE}.Debug|Any CPU.Build.0 = Debug|Any CPU
		{89942758-7803-4025-ADD2-DFD6C3D380BE}.Release|Any CPU.ActiveCfg = Release|Any CPU
		{89942758-7803-4025-ADD2-DFD6C3D380BE}.Release|Any CPU.Build.0 = Release|Any CPU
		{4C8F9FB7-36B0-4222-9A2A-766A90660EA4}.Debug|Any CPU.ActiveCfg = Debug|Any CPU
		{4C8F9FB7-36B0-4222-9A2A-766A90660EA4}.Debug|Any CPU.Build.0 = Debug|Any CPU
		{4C8F9FB7-36B0-4222-9A2A-766A90660EA4}.Release|Any CPU.ActiveCfg = Release|Any CPU
		{4C8F9FB7-36B0-4222-9A2A-766A90660EA4}.Release|Any CPU.Build.0 = Release|Any CPU
	EndGlobalSection
	GlobalSection(SolutionProperties) = preSolution
		HideSolutionNode = FALSE
	EndGlobalSection
	GlobalSection(ExtensibilityGlobals) = postSolution
		SolutionGuid = {50E7B63D-6ADD-4A0B-BF32-F0320C389A61}
	EndGlobalSection
EndGlobal
